// !$*UTF8*$!
{
	archiveVersion = 1;
	classes = {
	};
	objectVersion = 56;
	objects = {

/* Begin PBXBuildFile section */
		400F164729AE938B00D3F77B /* ChatUser.swift in Sources */ = {isa = PBXBuildFile; fileRef = 400F164629AE938B00D3F77B /* ChatUser.swift */; };
		400F164A29AE978600D3F77B /* NewMessageView.swift in Sources */ = {isa = PBXBuildFile; fileRef = 400F164929AE978600D3F77B /* NewMessageView.swift */; };
		40704EB129A9B176008E8BAE /* ChatsApp.swift in Sources */ = {isa = PBXBuildFile; fileRef = 40704EB029A9B176008E8BAE /* ChatsApp.swift */; };
		40704EB329A9B176008E8BAE /* LoginView.swift in Sources */ = {isa = PBXBuildFile; fileRef = 40704EB229A9B176008E8BAE /* LoginView.swift */; };
		40704EB529A9B176008E8BAE /* Assets.xcassets in Resources */ = {isa = PBXBuildFile; fileRef = 40704EB429A9B176008E8BAE /* Assets.xcassets */; };
		40704EB829A9B176008E8BAE /* Preview Assets.xcassets in Resources */ = {isa = PBXBuildFile; fileRef = 40704EB729A9B176008E8BAE /* Preview Assets.xcassets */; };
		40704EBF29A9B18E008E8BAE /* GoogleService-Info.plist in Resources */ = {isa = PBXBuildFile; fileRef = 40704EBE29A9B18E008E8BAE /* GoogleService-Info.plist */; };
		40704ECC29A9C6E2008E8BAE /* ImagePicker.swift in Sources */ = {isa = PBXBuildFile; fileRef = 40704ECB29A9C6E2008E8BAE /* ImagePicker.swift */; };
		40CB3DA929AD82FA00699E90 /* MainMessagesView.swift in Sources */ = {isa = PBXBuildFile; fileRef = 40CB3DA829AD82FA00699E90 /* MainMessagesView.swift */; };
		40CB3DAC29AD8E4F00699E90 /* FirebaseManager.swift in Sources */ = {isa = PBXBuildFile; fileRef = 40CB3DAB29AD8E4F00699E90 /* FirebaseManager.swift */; };
		40CB3DAF29AD95AE00699E90 /* SDWebImageSwiftUI in Frameworks */ = {isa = PBXBuildFile; productRef = 40CB3DAE29AD95AE00699E90 /* SDWebImageSwiftUI */; };
		40E214BF29AF1B70008C1BB8 /* ChatMessage.swift in Sources */ = {isa = PBXBuildFile; fileRef = 40E214BE29AF1B70008C1BB8 /* ChatMessage.swift */; };
		40E214C129AF1B85008C1BB8 /* RecentMessage.swift in Sources */ = {isa = PBXBuildFile; fileRef = 40E214C029AF1B85008C1BB8 /* RecentMessage.swift */; };
		40E214C329AF1BC7008C1BB8 /* FirebaseConstants.swift in Sources */ = {isa = PBXBuildFile; fileRef = 40E214C229AF1BC7008C1BB8 /* FirebaseConstants.swift */; };
		40E214C629AF1EAA008C1BB8 /* FirebaseAuth in Frameworks */ = {isa = PBXBuildFile; productRef = 40E214C529AF1EAA008C1BB8 /* FirebaseAuth */; };
		40E214C829AF1EAA008C1BB8 /* FirebaseFirestore in Frameworks */ = {isa = PBXBuildFile; productRef = 40E214C729AF1EAA008C1BB8 /* FirebaseFirestore */; };
		40E214CA29AF1EAA008C1BB8 /* FirebaseFirestoreSwift in Frameworks */ = {isa = PBXBuildFile; productRef = 40E214C929AF1EAA008C1BB8 /* FirebaseFirestoreSwift */; };
		40E214CC29AF1EAA008C1BB8 /* FirebaseStorage in Frameworks */ = {isa = PBXBuildFile; productRef = 40E214CB29AF1EAA008C1BB8 /* FirebaseStorage */; };
		40E214CF29AF1FF4008C1BB8 /* ChatLogView.swift in Sources */ = {isa = PBXBuildFile; fileRef = 40E214CE29AF1FF4008C1BB8 /* ChatLogView.swift */; };
/* End PBXBuildFile section */

/* Begin PBXFileReference section */
		400F164629AE938B00D3F77B /* ChatUser.swift */ = {isa = PBXFileReference; lastKnownFileType = sourcecode.swift; path = ChatUser.swift; sourceTree = "<group>"; };
		400F164929AE978600D3F77B /* NewMessageView.swift */ = {isa = PBXFileReference; lastKnownFileType = sourcecode.swift; path = NewMessageView.swift; sourceTree = "<group>"; };
		40704EAD29A9B176008E8BAE /* Chats.app */ = {isa = PBXFileReference; explicitFileType = wrapper.application; includeInIndex = 0; path = Chats.app; sourceTree = BUILT_PRODUCTS_DIR; };
		40704EB029A9B176008E8BAE /* ChatsApp.swift */ = {isa = PBXFileReference; lastKnownFileType = sourcecode.swift; path = ChatsApp.swift; sourceTree = "<group>"; };
		40704EB229A9B176008E8BAE /* LoginView.swift */ = {isa = PBXFileReference; lastKnownFileType = sourcecode.swift; path = LoginView.swift; sourceTree = "<group>"; };
		40704EB429A9B176008E8BAE /* Assets.xcassets */ = {isa = PBXFileReference; lastKnownFileType = folder.assetcatalog; path = Assets.xcassets; sourceTree = "<group>"; };
		40704EB729A9B176008E8BAE /* Preview Assets.xcassets */ = {isa = PBXFileReference; lastKnownFileType = folder.assetcatalog; path = "Preview Assets.xcassets"; sourceTree = "<group>"; };
		40704EBE29A9B18E008E8BAE /* GoogleService-Info.plist */ = {isa = PBXFileReference; fileEncoding = 4; lastKnownFileType = text.plist.xml; name = "GoogleService-Info.plist"; path = "../../../Downloads/GoogleService-Info.plist"; sourceTree = "<group>"; };
		40704ECB29A9C6E2008E8BAE /* ImagePicker.swift */ = {isa = PBXFileReference; lastKnownFileType = sourcecode.swift; path = ImagePicker.swift; sourceTree = "<group>"; };
		40CB3DA829AD82FA00699E90 /* MainMessagesView.swift */ = {isa = PBXFileReference; lastKnownFileType = sourcecode.swift; path = MainMessagesView.swift; sourceTree = "<group>"; };
		40CB3DAB29AD8E4F00699E90 /* FirebaseManager.swift */ = {isa = PBXFileReference; lastKnownFileType = sourcecode.swift; path = FirebaseManager.swift; sourceTree = "<group>"; };
		40E214BE29AF1B70008C1BB8 /* ChatMessage.swift */ = {isa = PBXFileReference; lastKnownFileType = sourcecode.swift; path = ChatMessage.swift; sourceTree = "<group>"; };
		40E214C029AF1B85008C1BB8 /* RecentMessage.swift */ = {isa = PBXFileReference; lastKnownFileType = sourcecode.swift; path = RecentMessage.swift; sourceTree = "<group>"; };
		40E214C229AF1BC7008C1BB8 /* FirebaseConstants.swift */ = {isa = PBXFileReference; lastKnownFileType = sourcecode.swift; path = FirebaseConstants.swift; sourceTree = "<group>"; };
		40E214CE29AF1FF4008C1BB8 /* ChatLogView.swift */ = {isa = PBXFileReference; lastKnownFileType = sourcecode.swift; path = ChatLogView.swift; sourceTree = "<group>"; };
/* End PBXFileReference section */

/* Begin PBXFrameworksBuildPhase section */
		40704EAA29A9B176008E8BAE /* Frameworks */ = {
			isa = PBXFrameworksBuildPhase;
			buildActionMask = 2147483647;
			files = (
				40CB3DAF29AD95AE00699E90 /* SDWebImageSwiftUI in Frameworks */,
				40E214C629AF1EAA008C1BB8 /* FirebaseAuth in Frameworks */,
				40E214C829AF1EAA008C1BB8 /* FirebaseFirestore in Frameworks */,
				40E214CC29AF1EAA008C1BB8 /* FirebaseStorage in Frameworks */,
				40E214CA29AF1EAA008C1BB8 /* FirebaseFirestoreSwift in Frameworks */,
			);
			runOnlyForDeploymentPostprocessing = 0;
		};
/* End PBXFrameworksBuildPhase section */

/* Begin PBXGroup section */
		400F164529AE936500D3F77B /* Model */ = {
			isa = PBXGroup;
			children = (
				400F164629AE938B00D3F77B /* ChatUser.swift */,
				40E214BE29AF1B70008C1BB8 /* ChatMessage.swift */,
				40E214C029AF1B85008C1BB8 /* RecentMessage.swift */,
			);
			path = Model;
			sourceTree = "<group>";
		};
		404F5BDD29A9EDA60093ED2D /* Frameworks */ = {
			isa = PBXGroup;
			children = (
			);
			name = Frameworks;
			sourceTree = "<group>";
		};
		40704EA429A9B176008E8BAE = {
			isa = PBXGroup;
			children = (
				40704EAF29A9B176008E8BAE /* Chats */,
				40704EAE29A9B176008E8BAE /* Products */,
				404F5BDD29A9EDA60093ED2D /* Frameworks */,
			);
			sourceTree = "<group>";
		};
		40704EAE29A9B176008E8BAE /* Products */ = {
			isa = PBXGroup;
			children = (
				40704EAD29A9B176008E8BAE /* Chats.app */,
			);
			name = Products;
			sourceTree = "<group>";
		};
		40704EAF29A9B176008E8BAE /* Chats */ = {
			isa = PBXGroup;
			children = (
				400F164529AE936500D3F77B /* Model */,
				40CB3DAA29AD8E2D00699E90 /* Util */,
				40CB3DA729AD82D000699E90 /* Messages */,
				40704EB029A9B176008E8BAE /* ChatsApp.swift */,
				40704EB229A9B176008E8BAE /* LoginView.swift */,
				40704EBE29A9B18E008E8BAE /* GoogleService-Info.plist */,
				40704EB429A9B176008E8BAE /* Assets.xcassets */,
				40704EB629A9B176008E8BAE /* Preview Content */,
				40704ECB29A9C6E2008E8BAE /* ImagePicker.swift */,
			);
			path = Chats;
			sourceTree = "<group>";
		};
		40704EB629A9B176008E8BAE /* Preview Content */ = {
			isa = PBXGroup;
			children = (
				40704EB729A9B176008E8BAE /* Preview Assets.xcassets */,
			);
			path = "Preview Content";
			sourceTree = "<group>";
		};
		40CB3DA729AD82D000699E90 /* Messages */ = {
			isa = PBXGroup;
			children = (
				400F164929AE978600D3F77B /* NewMessageView.swift */,
				40E214CD29AF1FD6008C1BB8 /* Chat */,
				40CB3DA829AD82FA00699E90 /* MainMessagesView.swift */,
			);
			path = Messages;
			sourceTree = "<group>";
		};
		40CB3DAA29AD8E2D00699E90 /* Util */ = {
			isa = PBXGroup;
			children = (
				40CB3DAB29AD8E4F00699E90 /* FirebaseManager.swift */,
				40E214C229AF1BC7008C1BB8 /* FirebaseConstants.swift */,
			);
			path = Util;
			sourceTree = "<group>";
		};
		40E214CD29AF1FD6008C1BB8 /* Chat */ = {
			isa = PBXGroup;
			children = (
				40E214CE29AF1FF4008C1BB8 /* ChatLogView.swift */,
			);
			path = Chat;
			sourceTree = "<group>";
		};
/* End PBXGroup section */

/* Begin PBXNativeTarget section */
		40704EAC29A9B176008E8BAE /* Chats */ = {
			isa = PBXNativeTarget;
			buildConfigurationList = 40704EBB29A9B176008E8BAE /* Build configuration list for PBXNativeTarget "Chats" */;
			buildPhases = (
				40704EA929A9B176008E8BAE /* Sources */,
				40704EAA29A9B176008E8BAE /* Frameworks */,
				40704EAB29A9B176008E8BAE /* Resources */,
			);
			buildRules = (
			);
			dependencies = (
			);
			name = Chats;
			packageProductDependencies = (
				40CB3DAE29AD95AE00699E90 /* SDWebImageSwiftUI */,
				40E214C529AF1EAA008C1BB8 /* FirebaseAuth */,
				40E214C729AF1EAA008C1BB8 /* FirebaseFirestore */,
				40E214C929AF1EAA008C1BB8 /* FirebaseFirestoreSwift */,
				40E214CB29AF1EAA008C1BB8 /* FirebaseStorage */,
			);
			productName = Chats;
			productReference = 40704EAD29A9B176008E8BAE /* Chats.app */;
			productType = "com.apple.product-type.application";
		};
/* End PBXNativeTarget section */

/* Begin PBXProject section */
		40704EA529A9B176008E8BAE /* Project object */ = {
			isa = PBXProject;
			attributes = {
				BuildIndependentTargetsInParallel = 1;
				LastSwiftUpdateCheck = 1420;
				LastUpgradeCheck = 1420;
				TargetAttributes = {
					40704EAC29A9B176008E8BAE = {
						CreatedOnToolsVersion = 14.2;
					};
				};
			};
			buildConfigurationList = 40704EA829A9B176008E8BAE /* Build configuration list for PBXProject "Chats" */;
			compatibilityVersion = "Xcode 14.0";
			developmentRegion = en;
			hasScannedForEncodings = 0;
			knownRegions = (
				en,
				Base,
			);
			mainGroup = 40704EA429A9B176008E8BAE;
			packageReferences = (
				40CB3DAD29AD95AE00699E90 /* XCRemoteSwiftPackageReference "SDWebImageSwiftUI" */,
				40E214C429AF1EAA008C1BB8 /* XCRemoteSwiftPackageReference "firebase-ios-sdk" */,
			);
			productRefGroup = 40704EAE29A9B176008E8BAE /* Products */;
			projectDirPath = "";
			projectRoot = "";
			targets = (
				40704EAC29A9B176008E8BAE /* Chats */,
			);
		};
/* End PBXProject section */

/* Begin PBXResourcesBuildPhase section */
		40704EAB29A9B176008E8BAE /* Resources */ = {
			isa = PBXResourcesBuildPhase;
			buildActionMask = 2147483647;
			files = (
				40704EB829A9B176008E8BAE /* Preview Assets.xcassets in Resources */,
				40704EB529A9B176008E8BAE /* Assets.xcassets in Resources */,
				40704EBF29A9B18E008E8BAE /* GoogleService-Info.plist in Resources */,
			);
			runOnlyForDeploymentPostprocessing = 0;
		};
/* End PBXResourcesBuildPhase section */

/* Begin PBXSourcesBuildPhase section */
		40704EA929A9B176008E8BAE /* Sources */ = {
			isa = PBXSourcesBuildPhase;
			buildActionMask = 2147483647;
			files = (
				400F164729AE938B00D3F77B /* ChatUser.swift in Sources */,
				40E214BF29AF1B70008C1BB8 /* ChatMessage.swift in Sources */,
				40E214CF29AF1FF4008C1BB8 /* ChatLogView.swift in Sources */,
				40E214C129AF1B85008C1BB8 /* RecentMessage.swift in Sources */,
				40704ECC29A9C6E2008E8BAE /* ImagePicker.swift in Sources */,
				400F164A29AE978600D3F77B /* NewMessageView.swift in Sources */,
				40CB3DA929AD82FA00699E90 /* MainMessagesView.swift in Sources */,
				40CB3DAC29AD8E4F00699E90 /* FirebaseManager.swift in Sources */,
				40704EB329A9B176008E8BAE /* LoginView.swift in Sources */,
				40E214C329AF1BC7008C1BB8 /* FirebaseConstants.swift in Sources */,
				40704EB129A9B176008E8BAE /* ChatsApp.swift in Sources */,
			);
			runOnlyForDeploymentPostprocessing = 0;
		};
/* End PBXSourcesBuildPhase section */

/* Begin XCBuildConfiguration section */
		40704EB929A9B176008E8BAE /* Debug */ = {
			isa = XCBuildConfiguration;
			buildSettings = {
				ALWAYS_SEARCH_USER_PATHS = NO;
				CLANG_ANALYZER_NONNULL = YES;
				CLANG_ANALYZER_NUMBER_OBJECT_CONVERSION = YES_AGGRESSIVE;
				CLANG_CXX_LANGUAGE_STANDARD = "gnu++20";
				CLANG_ENABLE_MODULES = YES;
				CLANG_ENABLE_OBJC_ARC = YES;
				CLANG_ENABLE_OBJC_WEAK = YES;
				CLANG_WARN_BLOCK_CAPTURE_AUTORELEASING = YES;
				CLANG_WARN_BOOL_CONVERSION = YES;
				CLANG_WARN_COMMA = YES;
				CLANG_WARN_CONSTANT_CONVERSION = YES;
				CLANG_WARN_DEPRECATED_OBJC_IMPLEMENTATIONS = YES;
				CLANG_WARN_DIRECT_OBJC_ISA_USAGE = YES_ERROR;
				CLANG_WARN_DOCUMENTATION_COMMENTS = YES;
				CLANG_WARN_EMPTY_BODY = YES;
				CLANG_WARN_ENUM_CONVERSION = YES;
				CLANG_WARN_INFINITE_RECURSION = YES;
				CLANG_WARN_INT_CONVERSION = YES;
				CLANG_WARN_NON_LITERAL_NULL_CONVERSION = YES;
				CLANG_WARN_OBJC_IMPLICIT_RETAIN_SELF = YES;
				CLANG_WARN_OBJC_LITERAL_CONVERSION = YES;
				CLANG_WARN_OBJC_ROOT_CLASS = YES_ERROR;
				CLANG_WARN_QUOTED_INCLUDE_IN_FRAMEWORK_HEADER = YES;
				CLANG_WARN_RANGE_LOOP_ANALYSIS = YES;
				CLANG_WARN_STRICT_PROTOTYPES = YES;
				CLANG_WARN_SUSPICIOUS_MOVE = YES;
				CLANG_WARN_UNGUARDED_AVAILABILITY = YES_AGGRESSIVE;
				CLANG_WARN_UNREACHABLE_CODE = YES;
				CLANG_WARN__DUPLICATE_METHOD_MATCH = YES;
				COPY_PHASE_STRIP = NO;
				DEBUG_INFORMATION_FORMAT = dwarf;
				ENABLE_STRICT_OBJC_MSGSEND = YES;
				ENABLE_TESTABILITY = YES;
				GCC_C_LANGUAGE_STANDARD = gnu11;
				GCC_DYNAMIC_NO_PIC = NO;
				GCC_NO_COMMON_BLOCKS = YES;
				GCC_OPTIMIZATION_LEVEL = 0;
				GCC_PREPROCESSOR_DEFINITIONS = (
					"DEBUG=1",
					"$(inherited)",
				);
				GCC_WARN_64_TO_32_BIT_CONVERSION = YES;
				GCC_WARN_ABOUT_RETURN_TYPE = YES_ERROR;
				GCC_WARN_UNDECLARED_SELECTOR = YES;
				GCC_WARN_UNINITIALIZED_AUTOS = YES_AGGRESSIVE;
				GCC_WARN_UNUSED_FUNCTION = YES;
				GCC_WARN_UNUSED_VARIABLE = YES;
				IPHONEOS_DEPLOYMENT_TARGET = 16.2;
				MTL_ENABLE_DEBUG_INFO = INCLUDE_SOURCE;
				MTL_FAST_MATH = YES;
				ONLY_ACTIVE_ARCH = YES;
				SDKROOT = iphoneos;
				SWIFT_ACTIVE_COMPILATION_CONDITIONS = DEBUG;
				SWIFT_OPTIMIZATION_LEVEL = "-Onone";
			};
			name = Debug;
		};
		40704EBA29A9B176008E8BAE /* Release */ = {
			isa = XCBuildConfiguration;
			buildSettings = {
				ALWAYS_SEARCH_USER_PATHS = NO;
				CLANG_ANALYZER_NONNULL = YES;
				CLANG_ANALYZER_NUMBER_OBJECT_CONVERSION = YES_AGGRESSIVE;
				CLANG_CXX_LANGUAGE_STANDARD = "gnu++20";
				CLANG_ENABLE_MODULES = YES;
				CLANG_ENABLE_OBJC_ARC = YES;
				CLANG_ENABLE_OBJC_WEAK = YES;
				CLANG_WARN_BLOCK_CAPTURE_AUTORELEASING = YES;
				CLANG_WARN_BOOL_CONVERSION = YES;
				CLANG_WARN_COMMA = YES;
				CLANG_WARN_CONSTANT_CONVERSION = YES;
				CLANG_WARN_DEPRECATED_OBJC_IMPLEMENTATIONS = YES;
				CLANG_WARN_DIRECT_OBJC_ISA_USAGE = YES_ERROR;
				CLANG_WARN_DOCUMENTATION_COMMENTS = YES;
				CLANG_WARN_EMPTY_BODY = YES;
				CLANG_WARN_ENUM_CONVERSION = YES;
				CLANG_WARN_INFINITE_RECURSION = YES;
				CLANG_WARN_INT_CONVERSION = YES;
				CLANG_WARN_NON_LITERAL_NULL_CONVERSION = YES;
				CLANG_WARN_OBJC_IMPLICIT_RETAIN_SELF = YES;
				CLANG_WARN_OBJC_LITERAL_CONVERSION = YES;
				CLANG_WARN_OBJC_ROOT_CLASS = YES_ERROR;
				CLANG_WARN_QUOTED_INCLUDE_IN_FRAMEWORK_HEADER = YES;
				CLANG_WARN_RANGE_LOOP_ANALYSIS = YES;
				CLANG_WARN_STRICT_PROTOTYPES = YES;
				CLANG_WARN_SUSPICIOUS_MOVE = YES;
				CLANG_WARN_UNGUARDED_AVAILABILITY = YES_AGGRESSIVE;
				CLANG_WARN_UNREACHABLE_CODE = YES;
				CLANG_WARN__DUPLICATE_METHOD_MATCH = YES;
				COPY_PHASE_STRIP = NO;
				DEBUG_INFORMATION_FORMAT = "dwarf-with-dsym";
				ENABLE_NS_ASSERTIONS = NO;
				ENABLE_STRICT_OBJC_MSGSEND = YES;
				GCC_C_LANGUAGE_STANDARD = gnu11;
				GCC_NO_COMMON_BLOCKS = YES;
				GCC_WARN_64_TO_32_BIT_CONVERSION = YES;
				GCC_WARN_ABOUT_RETURN_TYPE = YES_ERROR;
				GCC_WARN_UNDECLARED_SELECTOR = YES;
				GCC_WARN_UNINITIALIZED_AUTOS = YES_AGGRESSIVE;
				GCC_WARN_UNUSED_FUNCTION = YES;
				GCC_WARN_UNUSED_VARIABLE = YES;
				IPHONEOS_DEPLOYMENT_TARGET = 16.2;
				MTL_ENABLE_DEBUG_INFO = NO;
				MTL_FAST_MATH = YES;
				SDKROOT = iphoneos;
				SWIFT_COMPILATION_MODE = wholemodule;
				SWIFT_OPTIMIZATION_LEVEL = "-O";
				VALIDATE_PRODUCT = YES;
			};
			name = Release;
		};
		40704EBC29A9B176008E8BAE /* Debug */ = {
			isa = XCBuildConfiguration;
			buildSettings = {
				ASSETCATALOG_COMPILER_APPICON_NAME = AppIcon;
				ASSETCATALOG_COMPILER_GLOBAL_ACCENT_COLOR_NAME = AccentColor;
				CODE_SIGN_STYLE = Automatic;
				CURRENT_PROJECT_VERSION = 1;
				DEVELOPMENT_ASSET_PATHS = "\"Chats/Preview Content\"";
				DEVELOPMENT_TEAM = 5JYFVLVFEQ;
				ENABLE_PREVIEWS = YES;
				GENERATE_INFOPLIST_FILE = YES;
				INFOPLIST_KEY_UIApplicationSceneManifest_Generation = YES;
				INFOPLIST_KEY_UIApplicationSupportsIndirectInputEvents = YES;
				INFOPLIST_KEY_UILaunchScreen_Generation = YES;
				INFOPLIST_KEY_UISupportedInterfaceOrientations_iPad = "UIInterfaceOrientationPortrait UIInterfaceOrientationPortraitUpsideDown UIInterfaceOrientationLandscapeLeft UIInterfaceOrientationLandscapeRight";
				INFOPLIST_KEY_UISupportedInterfaceOrientations_iPhone = "UIInterfaceOrientationPortrait UIInterfaceOrientationLandscapeLeft UIInterfaceOrientationLandscapeRight";
				LD_RUNPATH_SEARCH_PATHS = (
					"$(inherited)",
					"@executable_path/Frameworks",
				);
				MARKETING_VERSION = 1.0;
				PRODUCT_BUNDLE_IDENTIFIER = com.BradB.Chats;
				PRODUCT_NAME = "$(TARGET_NAME)";
				SWIFT_EMIT_LOC_STRINGS = YES;
				SWIFT_VERSION = 5.0;
				TARGETED_DEVICE_FAMILY = "1,2";
			};
			name = Debug;
		};
		40704EBD29A9B176008E8BAE /* Release */ = {
			isa = XCBuildConfiguration;
			buildSettings = {
				ASSETCATALOG_COMPILER_APPICON_NAME = AppIcon;
				ASSETCATALOG_COMPILER_GLOBAL_ACCENT_COLOR_NAME = AccentColor;
				CODE_SIGN_STYLE = Automatic;
				CURRENT_PROJECT_VERSION = 1;
				DEVELOPMENT_ASSET_PATHS = "\"Chats/Preview Content\"";
				DEVELOPMENT_TEAM = 5JYFVLVFEQ;
				ENABLE_PREVIEWS = YES;
				GENERATE_INFOPLIST_FILE = YES;
				INFOPLIST_KEY_UIApplicationSceneManifest_Generation = YES;
				INFOPLIST_KEY_UIApplicationSupportsIndirectInputEvents = YES;
				INFOPLIST_KEY_UILaunchScreen_Generation = YES;
				INFOPLIST_KEY_UISupportedInterfaceOrientations_iPad = "UIInterfaceOrientationPortrait UIInterfaceOrientationPortraitUpsideDown UIInterfaceOrientationLandscapeLeft UIInterfaceOrientationLandscapeRight";
				INFOPLIST_KEY_UISupportedInterfaceOrientations_iPhone = "UIInterfaceOrientationPortrait UIInterfaceOrientationLandscapeLeft UIInterfaceOrientationLandscapeRight";
				LD_RUNPATH_SEARCH_PATHS = (
					"$(inherited)",
					"@executable_path/Frameworks",
				);
				MARKETING_VERSION = 1.0;
				PRODUCT_BUNDLE_IDENTIFIER = com.BradB.Chats;
				PRODUCT_NAME = "$(TARGET_NAME)";
				SWIFT_EMIT_LOC_STRINGS = YES;
				SWIFT_VERSION = 5.0;
				TARGETED_DEVICE_FAMILY = "1,2";
			};
			name = Release;
		};
/* End XCBuildConfiguration section */

/* Begin XCConfigurationList section */
		40704EA829A9B176008E8BAE /* Build configuration list for PBXProject "Chats" */ = {
			isa = XCConfigurationList;
			buildConfigurations = (
				40704EB929A9B176008E8BAE /* Debug */,
				40704EBA29A9B176008E8BAE /* Release */,
			);
			defaultConfigurationIsVisible = 0;
			defaultConfigurationName = Release;
		};
		40704EBB29A9B176008E8BAE /* Build configuration list for PBXNativeTarget "Chats" */ = {
			isa = XCConfigurationList;
			buildConfigurations = (
				40704EBC29A9B176008E8BAE /* Debug */,
				40704EBD29A9B176008E8BAE /* Release */,
			);
			defaultConfigurationIsVisible = 0;
			defaultConfigurationName = Release;
		};
/* End XCConfigurationList section */

/* Begin XCRemoteSwiftPackageReference section */
		40CB3DAD29AD95AE00699E90 /* XCRemoteSwiftPackageReference "SDWebImageSwiftUI" */ = {
			isa = XCRemoteSwiftPackageReference;
			repositoryURL = "https://github.com/SDWebImage/SDWebImageSwiftUI.git";
			requirement = {
				kind = upToNextMajorVersion;
				minimumVersion = 2.0.0;
			};
		};
		40E214C429AF1EAA008C1BB8 /* XCRemoteSwiftPackageReference "firebase-ios-sdk" */ = {
			isa = XCRemoteSwiftPackageReference;
			repositoryURL = "https://github.com/firebase/firebase-ios-sdk";
			requirement = {
				kind = upToNextMajorVersion;
				minimumVersion = 9.0.0;
			};
		};
/* End XCRemoteSwiftPackageReference section */

/* Begin XCSwiftPackageProductDependency section */
		40CB3DAE29AD95AE00699E90 /* SDWebImageSwiftUI */ = {
			isa = XCSwiftPackageProductDependency;
			package = 40CB3DAD29AD95AE00699E90 /* XCRemoteSwiftPackageReference "SDWebImageSwiftUI" */;
			productName = SDWebImageSwiftUI;
		};
		40E214C529AF1EAA008C1BB8 /* FirebaseAuth */ = {
			isa = XCSwiftPackageProductDependency;
			package = 40E214C429AF1EAA008C1BB8 /* XCRemoteSwiftPackageReference "firebase-ios-sdk" */;
			productName = FirebaseAuth;
		};
		40E214C729AF1EAA008C1BB8 /* FirebaseFirestore */ = {
			isa = XCSwiftPackageProductDependency;
			package = 40E214C429AF1EAA008C1BB8 /* XCRemoteSwiftPackageReference "firebase-ios-sdk" */;
			productName = FirebaseFirestore;
		};
		40E214C929AF1EAA008C1BB8 /* FirebaseFirestoreSwift */ = {
			isa = XCSwiftPackageProductDependency;
			package = 40E214C429AF1EAA008C1BB8 /* XCRemoteSwiftPackageReference "firebase-ios-sdk" */;
			productName = FirebaseFirestoreSwift;
		};
		40E214CB29AF1EAA008C1BB8 /* FirebaseStorage */ = {
			isa = XCSwiftPackageProductDependency;
			package = 40E214C429AF1EAA008C1BB8 /* XCRemoteSwiftPackageReference "firebase-ios-sdk" */;
			productName = FirebaseStorage;
		};
/* End XCSwiftPackageProductDependency section */
	};
	rootObject = 40704EA529A9B176008E8BAE /* Project object */;
}
